
Microsoft Visual Studio Solution File, Format Version 12.00
# Visual Studio Version 17
VisualStudioVersion = 17.3.32901.215
MinimumVisualStudioVersion = 10.0.40219.1
Project("{FAE04EC0-301F-11D3-BF4B-00C04F79EFBC}") = "Calculator", "Calculator\Calculator.csproj", "{99C69EF7-ABE7-48EB-B5FD-120BEDEAE238}"
EndProject
Project("{2150E333-8FDC-42A3-9474-1A3956D46DE8}") = "Week3", "Week3", "{42033A86-8E59-4289-BB6C-BE3E6334BDEF}"
EndProject
Project("{9A19103F-16F7-4668-BE54-9A1E7A4F7556}") = "FindNumberGame", "FindNumberGame\FindNumberGame.csproj", "{9DECEEE1-B0ED-4061-B7ED-B672F0BC5628}"
EndProject
Project("{2150E333-8FDC-42A3-9474-1A3956D46DE8}") = "Week4", "Week4", "{D91BF09D-3639-4AEF-AE43-9D8BFEEC46FC}"
EndProject
Project("{9A19103F-16F7-4668-BE54-9A1E7A4F7556}") = "Modulo", "Modulo\Modulo.csproj", "{5D1745B0-F4CE-4A7A-90CF-979C89288FF6}"
EndProject
Project("{9A19103F-16F7-4668-BE54-9A1E7A4F7556}") = "FizzBuzz", "FizzBuzz\FizzBuzz.csproj", "{2E70B821-9A16-4E08-BF43-9B51328665B9}"
EndProject
Project("{2150E333-8FDC-42A3-9474-1A3956D46DE8}") = "Week5", "Week5", "{E11E445D-781E-4533-907C-0D9262520680}"
EndProject
Project("{9A19103F-16F7-4668-BE54-9A1E7A4F7556}") = "StudentsDiary", "StudentsDiary\StudentsDiary.csproj", "{9B23CC75-E1BE-413A-9130-61012D944213}"
EndProject
Project("{2150E333-8FDC-42A3-9474-1A3956D46DE8}") = "Week6", "Week6", "{1C41A45D-4037-4025-8642-F0F80666C683}"
	ProjectSection(SolutionItems) = preProject
		HomeWork.sql = HomeWork.sql
		..\..\..\Users\kurek\Documents\Documents\SQL Server Management Studio\Week6CreateDatabase.sql = ..\..\..\Users\kurek\Documents\Documents\SQL Server Management Studio\Week6CreateDatabase.sql
	EndProjectSection
EndProject
Project("{2150E333-8FDC-42A3-9474-1A3956D46DE8}") = "Week7", "Week7", "{2582E4C4-F0CC-4E19-94D6-CEC088B6B66A}"
EndProject
Project("{FAE04EC0-301F-11D3-BF4B-00C04F79EFBC}") = "Diary", "Diary\Diary.csproj", "{34382DEB-5D14-426C-A3DC-50EEFB9C368B}"
EndProject
Global
	GlobalSection(SolutionConfigurationPlatforms) = preSolution
		Debug|Any CPU = Debug|Any CPU
		Release|Any CPU = Release|Any CPU
	EndGlobalSection
	GlobalSection(ProjectConfigurationPlatforms) = postSolution
		{99C69EF7-ABE7-48EB-B5FD-120BEDEAE238}.Debug|Any CPU.ActiveCfg = Debug|Any CPU
		{99C69EF7-ABE7-48EB-B5FD-120BEDEAE238}.Debug|Any CPU.Build.0 = Debug|Any CPU
		{99C69EF7-ABE7-48EB-B5FD-120BEDEAE238}.Release|Any CPU.ActiveCfg = Release|Any CPU
		{99C69EF7-ABE7-48EB-B5FD-120BEDEAE238}.Release|Any CPU.Build.0 = Release|Any CPU
		{9DECEEE1-B0ED-4061-B7ED-B672F0BC5628}.Debug|Any CPU.ActiveCfg = Debug|Any CPU
		{9DECEEE1-B0ED-4061-B7ED-B672F0BC5628}.Debug|Any CPU.Build.0 = Debug|Any CPU
		{9DECEEE1-B0ED-4061-B7ED-B672F0BC5628}.Release|Any CPU.ActiveCfg = Release|Any CPU
		{9DECEEE1-B0ED-4061-B7ED-B672F0BC5628}.Release|Any CPU.Build.0 = Release|Any CPU
		{5D1745B0-F4CE-4A7A-90CF-979C89288FF6}.Debug|Any CPU.ActiveCfg = Debug|Any CPU
		{5D1745B0-F4CE-4A7A-90CF-979C89288FF6}.Debug|Any CPU.Build.0 = Debug|Any CPU
		{5D1745B0-F4CE-4A7A-90CF-979C89288FF6}.Release|Any CPU.ActiveCfg = Release|Any CPU
		{5D1745B0-F4CE-4A7A-90CF-979C89288FF6}.Release|Any CPU.Build.0 = Release|Any CPU
		{2E70B821-9A16-4E08-BF43-9B51328665B9}.Debug|Any CPU.ActiveCfg = Debug|Any CPU
		{2E70B821-9A16-4E08-BF43-9B51328665B9}.Debug|Any CPU.Build.0 = Debug|Any CPU
		{2E70B821-9A16-4E08-BF43-9B51328665B9}.Release|Any CPU.ActiveCfg = Release|Any CPU
		{2E70B821-9A16-4E08-BF43-9B51328665B9}.Release|Any CPU.Build.0 = Release|Any CPU
		{9B23CC75-E1BE-413A-9130-61012D944213}.Debug|Any CPU.ActiveCfg = Debug|Any CPU
		{9B23CC75-E1BE-413A-9130-61012D944213}.Debug|Any CPU.Build.0 = Debug|Any CPU
		{9B23CC75-E1BE-413A-9130-61012D944213}.Release|Any CPU.ActiveCfg = Release|Any CPU
		{9B23CC75-E1BE-413A-9130-61012D944213}.Release|Any CPU.Build.0 = Release|Any CPU
		{34382DEB-5D14-426C-A3DC-50EEFB9C368B}.Debug|Any CPU.ActiveCfg = Debug|Any CPU
		{34382DEB-5D14-426C-A3DC-50EEFB9C368B}.Debug|Any CPU.Build.0 = Debug|Any CPU
		{34382DEB-5D14-426C-A3DC-50EEFB9C368B}.Release|Any CPU.ActiveCfg = Release|Any CPU
		{34382DEB-5D14-426C-A3DC-50EEFB9C368B}.Release|Any CPU.Build.0 = Release|Any CPU
	EndGlobalSection
	GlobalSection(SolutionProperties) = preSolution
		HideSolutionNode = FALSE
	EndGlobalSection
	GlobalSection(NestedProjects) = preSolution
		{99C69EF7-ABE7-48EB-B5FD-120BEDEAE238} = {42033A86-8E59-4289-BB6C-BE3E6334BDEF}
		{9DECEEE1-B0ED-4061-B7ED-B672F0BC5628} = {42033A86-8E59-4289-BB6C-BE3E6334BDEF}
		{5D1745B0-F4CE-4A7A-90CF-979C89288FF6} = {D91BF09D-3639-4AEF-AE43-9D8BFEEC46FC}
		{2E70B821-9A16-4E08-BF43-9B51328665B9} = {D91BF09D-3639-4AEF-AE43-9D8BFEEC46FC}
		{9B23CC75-E1BE-413A-9130-61012D944213} = {E11E445D-781E-4533-907C-0D9262520680}
		{34382DEB-5D14-426C-A3DC-50EEFB9C368B} = {2582E4C4-F0CC-4E19-94D6-CEC088B6B66A}
	EndGlobalSection
	GlobalSection(ExtensibilityGlobals) = postSolution
		SolutionGuid = {DE9B1BF9-2CC7-4EC8-B43C-1772F3AF515C}
	EndGlobalSection
EndGlobal
